
Microsoft Visual Studio Solution File, Format Version 12.00
# Visual Studio Version 17
VisualStudioVersion = 17.14.36623.8 d17.14
MinimumVisualStudioVersion = 10.0.40219.1
Project("{FAE04EC0-301F-11D3-BF4B-00C04F79EFBC}") = "ShopPC", "ShopPC\ShopPC.csproj", "{66A816C6-9409-4943-88F2-86EDDEDD07D9}"
EndProject
Global
	GlobalSection(SolutionConfigurationPlatforms) = preSolution
		Debug|Any CPU = Debug|Any CPU
		Release|Any CPU = Release|Any CPU
	EndGlobalSection
	GlobalSection(ProjectConfigurationPlatforms) = postSolution
		{66A816C6-9409-4943-88F2-86EDDEDD07D9}.Debug|Any CPU.ActiveCfg = Debug|Any CPU
		{66A816C6-9409-4943-88F2-86EDDEDD07D9}.Debug|Any CPU.Build.0 = Debug|Any CPU
		{66A816C6-9409-4943-88F2-86EDDEDD07D9}.Release|Any CPU.ActiveCfg = Release|Any CPU
		{66A816C6-9409-4943-88F2-86EDDEDD07D9}.Release|Any CPU.Build.0 = Release|Any CPU
	EndGlobalSection
	GlobalSection(SolutionProperties) = preSolution
		HideSolutionNode = FALSE
	EndGlobalSection
	GlobalSection(ExtensibilityGlobals) = postSolution
		SolutionGuid = {B2B23F98-AAF3-44E7-8A3A-BCD14D1BA8FA}
	EndGlobalSection
EndGlobal
